// !$*UTF8*$!
{
	archiveVersion = 1;
	classes = {
	};
	objectVersion = 50;
	objects = {

/* Begin PBXBuildFile section */
		36BCEF95228EF75D00D5A37E /* AppDelegate.swift in Sources */ = {isa = PBXBuildFile; fileRef = 36BCEF94228EF75D00D5A37E /* AppDelegate.swift */; };
		36BCEF97228EF75D00D5A37E /* ViewController.swift in Sources */ = {isa = PBXBuildFile; fileRef = 36BCEF96228EF75D00D5A37E /* ViewController.swift */; };
		36BCEF9A228EF75D00D5A37E /* Main.storyboard in Resources */ = {isa = PBXBuildFile; fileRef = 36BCEF98228EF75D00D5A37E /* Main.storyboard */; };
		36BCEF9C228EF75E00D5A37E /* Assets.xcassets in Resources */ = {isa = PBXBuildFile; fileRef = 36BCEF9B228EF75E00D5A37E /* Assets.xcassets */; };
		36BCEF9F228EF75E00D5A37E /* LaunchScreen.storyboard in Resources */ = {isa = PBXBuildFile; fileRef = 36BCEF9D228EF75E00D5A37E /* LaunchScreen.storyboard */; };
		36F2911C22A1A45B0029F4A5 /* ValidationDelegate.swift in Sources */ = {isa = PBXBuildFile; fileRef = 36F2911B22A1A45B0029F4A5 /* ValidationDelegate.swift */; };
		36F2911E22A1A47E0029F4A5 /* Validatable.swift in Sources */ = {isa = PBXBuildFile; fileRef = 36F2911D22A1A47E0029F4A5 /* Validatable.swift */; };
		36F2912022A1A4B70029F4A5 /* MyTextField.swift in Sources */ = {isa = PBXBuildFile; fileRef = 36F2911F22A1A4B70029F4A5 /* MyTextField.swift */; };
/* End PBXBuildFile section */

/* Begin PBXFileReference section */
		36BCEF91228EF75D00D5A37E /* TestValidationApp.app */ = {isa = PBXFileReference; explicitFileType = wrapper.application; includeInIndex = 0; path = TestValidationApp.app; sourceTree = BUILT_PRODUCTS_DIR; };
		36BCEF94228EF75D00D5A37E /* AppDelegate.swift */ = {isa = PBXFileReference; lastKnownFileType = sourcecode.swift; path = AppDelegate.swift; sourceTree = "<group>"; };
		36BCEF96228EF75D00D5A37E /* ViewController.swift */ = {isa = PBXFileReference; lastKnownFileType = sourcecode.swift; path = ViewController.swift; sourceTree = "<group>"; };
		36BCEF99228EF75D00D5A37E /* Base */ = {isa = PBXFileReference; lastKnownFileType = file.storyboard; name = Base; path = Base.lproj/Main.storyboard; sourceTree = "<group>"; };
		36BCEF9B228EF75E00D5A37E /* Assets.xcassets */ = {isa = PBXFileReference; lastKnownFileType = folder.assetcatalog; path = Assets.xcassets; sourceTree = "<group>"; };
		36BCEF9E228EF75E00D5A37E /* Base */ = {isa = PBXFileReference; lastKnownFileType = file.storyboard; name = Base; path = Base.lproj/LaunchScreen.storyboard; sourceTree = "<group>"; };
		36BCEFA0228EF75E00D5A37E /* Info.plist */ = {isa = PBXFileReference; lastKnownFileType = text.plist.xml; path = Info.plist; sourceTree = "<group>"; };
		36F2911B22A1A45B0029F4A5 /* ValidationDelegate.swift */ = {isa = PBXFileReference; lastKnownFileType = sourcecode.swift; path = ValidationDelegate.swift; sourceTree = "<group>"; };
		36F2911D22A1A47E0029F4A5 /* Validatable.swift */ = {isa = PBXFileReference; lastKnownFileType = sourcecode.swift; path = Validatable.swift; sourceTree = "<group>"; };
		36F2911F22A1A4B70029F4A5 /* MyTextField.swift */ = {isa = PBXFileReference; lastKnownFileType = sourcecode.swift; path = MyTextField.swift; sourceTree = "<group>"; };
/* End PBXFileReference section */

/* Begin PBXFrameworksBuildPhase section */
		36BCEF8E228EF75D00D5A37E /* Frameworks */ = {
			isa = PBXFrameworksBuildPhase;
			buildActionMask = 2147483647;
			files = (
			);
			runOnlyForDeploymentPostprocessing = 0;
		};
/* End PBXFrameworksBuildPhase section */

/* Begin PBXGroup section */
		36BCEF88228EF75D00D5A37E = {
			isa = PBXGroup;
			children = (
				36BCEF93228EF75D00D5A37E /* TestValidationApp */,
				36BCEF92228EF75D00D5A37E /* Products */,
			);
			sourceTree = "<group>";
		};
		36BCEF92228EF75D00D5A37E /* Products */ = {
			isa = PBXGroup;
			children = (
				36BCEF91228EF75D00D5A37E /* TestValidationApp.app */,
			);
			name = Products;
			sourceTree = "<group>";
		};
		36BCEF93228EF75D00D5A37E /* TestValidationApp */ = {
			isa = PBXGroup;
			children = (
				36BCEF94228EF75D00D5A37E /* AppDelegate.swift */,
				36BCEF96228EF75D00D5A37E /* ViewController.swift */,
				36F2912122A1A5FD0029F4A5 /* ValidationRelatedStuff */,
				36F2912222A1A6260029F4A5 /* SupportingFiles */,
			);
			path = TestValidationApp;
			sourceTree = "<group>";
		};
		36F2912122A1A5FD0029F4A5 /* ValidationRelatedStuff */ = {
			isa = PBXGroup;
			children = (
				36F2911F22A1A4B70029F4A5 /* MyTextField.swift */,
				36F2911D22A1A47E0029F4A5 /* Validatable.swift */,
				36F2911B22A1A45B0029F4A5 /* ValidationDelegate.swift */,
			);
			path = ValidationRelatedStuff;
			sourceTree = "<group>";
		};
		36F2912222A1A6260029F4A5 /* SupportingFiles */ = {
			isa = PBXGroup;
			children = (
				36BCEF98228EF75D00D5A37E /* Main.storyboard */,
				36BCEF9B228EF75E00D5A37E /* Assets.xcassets */,
				36BCEF9D228EF75E00D5A37E /* LaunchScreen.storyboard */,
				36BCEFA0228EF75E00D5A37E /* Info.plist */,
			);
			path = SupportingFiles;
			sourceTree = "<group>";
		};
/* End PBXGroup section */

/* Begin PBXNativeTarget section */
		36BCEF90228EF75D00D5A37E /* TestValidationApp */ = {
			isa = PBXNativeTarget;
			buildConfigurationList = 36BCEFA3228EF75E00D5A37E /* Build configuration list for PBXNativeTarget "TestValidationApp" */;
			buildPhases = (
				36BCEF8D228EF75D00D5A37E /* Sources */,
				36BCEF8E228EF75D00D5A37E /* Frameworks */,
				36BCEF8F228EF75D00D5A37E /* Resources */,
			);
			buildRules = (
			);
			dependencies = (
			);
			name = TestValidationApp;
			productName = TestValidationApp;
			productReference = 36BCEF91228EF75D00D5A37E /* TestValidationApp.app */;
			productType = "com.apple.product-type.application";
		};
/* End PBXNativeTarget section */

/* Begin PBXProject section */
		36BCEF89228EF75D00D5A37E /* Project object */ = {
			isa = PBXProject;
			attributes = {
				LastSwiftUpdateCheck = 1020;
				LastUpgradeCheck = 1020;
				ORGANIZATIONNAME = "Touch Instinct";
				TargetAttributes = {
					36BCEF90228EF75D00D5A37E = {
						CreatedOnToolsVersion = 10.2.1;
					};
				};
			};
			buildConfigurationList = 36BCEF8C228EF75D00D5A37E /* Build configuration list for PBXProject "TestValidationApp" */;
			compatibilityVersion = "Xcode 9.3";
			developmentRegion = en;
			hasScannedForEncodings = 0;
			knownRegions = (
				en,
				Base,
			);
			mainGroup = 36BCEF88228EF75D00D5A37E;
			productRefGroup = 36BCEF92228EF75D00D5A37E /* Products */;
			projectDirPath = "";
			projectRoot = "";
			targets = (
				36BCEF90228EF75D00D5A37E /* TestValidationApp */,
			);
		};
/* End PBXProject section */

/* Begin PBXResourcesBuildPhase section */
		36BCEF8F228EF75D00D5A37E /* Resources */ = {
			isa = PBXResourcesBuildPhase;
			buildActionMask = 2147483647;
			files = (
				36BCEF9F228EF75E00D5A37E /* LaunchScreen.storyboard in Resources */,
				36BCEF9C228EF75E00D5A37E /* Assets.xcassets in Resources */,
				36BCEF9A228EF75D00D5A37E /* Main.storyboard in Resources */,
			);
			runOnlyForDeploymentPostprocessing = 0;
		};
/* End PBXResourcesBuildPhase section */

/* Begin PBXSourcesBuildPhase section */
		36BCEF8D228EF75D00D5A37E /* Sources */ = {
			isa = PBXSourcesBuildPhase;
			buildActionMask = 2147483647;
			files = (
				36BCEF97228EF75D00D5A37E /* ViewController.swift in Sources */,
				36F2912022A1A4B70029F4A5 /* MyTextField.swift in Sources */,
				36F2911E22A1A47E0029F4A5 /* Validatable.swift in Sources */,
				36BCEF95228EF75D00D5A37E /* AppDelegate.swift in Sources */,
				36F2911C22A1A45B0029F4A5 /* ValidationDelegate.swift in Sources */,
			);
			runOnlyForDeploymentPostprocessing = 0;
		};
/* End PBXSourcesBuildPhase section */

/* Begin PBXVariantGroup section */
		36BCEF98228EF75D00D5A37E /* Main.storyboard */ = {
			isa = PBXVariantGroup;
			children = (
				36BCEF99228EF75D00D5A37E /* Base */,
			);
			name = Main.storyboard;
			sourceTree = "<group>";
		};
		36BCEF9D228EF75E00D5A37E /* LaunchScreen.storyboard */ = {
			isa = PBXVariantGroup;
			children = (
				36BCEF9E228EF75E00D5A37E /* Base */,
			);
			name = LaunchScreen.storyboard;
			sourceTree = "<group>";
		};
/* End PBXVariantGroup section */

/* Begin XCBuildConfiguration section */
		36BCEFA1228EF75E00D5A37E /* Debug */ = {
			isa = XCBuildConfiguration;
			buildSettings = {
				ALWAYS_SEARCH_USER_PATHS = NO;
				CLANG_ANALYZER_NONNULL = YES;
				CLANG_ANALYZER_NUMBER_OBJECT_CONVERSION = YES_AGGRESSIVE;
				CLANG_CXX_LANGUAGE_STANDARD = "gnu++14";
				CLANG_CXX_LIBRARY = "libc++";
				CLANG_ENABLE_MODULES = YES;
				CLANG_ENABLE_OBJC_ARC = YES;
				CLANG_ENABLE_OBJC_WEAK = YES;
				CLANG_WARN_BLOCK_CAPTURE_AUTORELEASING = YES;
				CLANG_WARN_BOOL_CONVERSION = YES;
				CLANG_WARN_COMMA = YES;
				CLANG_WARN_CONSTANT_CONVERSION = YES;
				CLANG_WARN_DEPRECATED_OBJC_IMPLEMENTATIONS = YES;
				CLANG_WARN_DIRECT_OBJC_ISA_USAGE = YES_ERROR;
				CLANG_WARN_DOCUMENTATION_COMMENTS = YES;
				CLANG_WARN_EMPTY_BODY = YES;
				CLANG_WARN_ENUM_CONVERSION = YES;
				CLANG_WARN_INFINITE_RECURSION = YES;
				CLANG_WARN_INT_CONVERSION = YES;
				CLANG_WARN_NON_LITERAL_NULL_CONVERSION = YES;
				CLANG_WARN_OBJC_IMPLICIT_RETAIN_SELF = YES;
				CLANG_WARN_OBJC_LITERAL_CONVERSION = YES;
				CLANG_WARN_OBJC_ROOT_CLASS = YES_ERROR;
				CLANG_WARN_RANGE_LOOP_ANALYSIS = YES;
				CLANG_WARN_STRICT_PROTOTYPES = YES;
				CLANG_WARN_SUSPICIOUS_MOVE = YES;
				CLANG_WARN_UNGUARDED_AVAILABILITY = YES_AGGRESSIVE;
				CLANG_WARN_UNREACHABLE_CODE = YES;
				CLANG_WARN__DUPLICATE_METHOD_MATCH = YES;
				CODE_SIGN_IDENTITY = "iPhone Developer";
				COPY_PHASE_STRIP = NO;
				DEBUG_INFORMATION_FORMAT = dwarf;
				ENABLE_STRICT_OBJC_MSGSEND = YES;
				ENABLE_TESTABILITY = YES;
				GCC_C_LANGUAGE_STANDARD = gnu11;
				GCC_DYNAMIC_NO_PIC = NO;
				GCC_NO_COMMON_BLOCKS = YES;
				GCC_OPTIMIZATION_LEVEL = 0;
				GCC_PREPROCESSOR_DEFINITIONS = (
					"DEBUG=1",
					"$(inherited)",
				);
				GCC_WARN_64_TO_32_BIT_CONVERSION = YES;
				GCC_WARN_ABOUT_RETURN_TYPE = YES_ERROR;
				GCC_WARN_UNDECLARED_SELECTOR = YES;
				GCC_WARN_UNINITIALIZED_AUTOS = YES_AGGRESSIVE;
				GCC_WARN_UNUSED_FUNCTION = YES;
				GCC_WARN_UNUSED_VARIABLE = YES;
				IPHONEOS_DEPLOYMENT_TARGET = 12.2;
				MTL_ENABLE_DEBUG_INFO = INCLUDE_SOURCE;
				MTL_FAST_MATH = YES;
				ONLY_ACTIVE_ARCH = YES;
				SDKROOT = iphoneos;
				SWIFT_ACTIVE_COMPILATION_CONDITIONS = DEBUG;
				SWIFT_OPTIMIZATION_LEVEL = "-Onone";
			};
			name = Debug;
		};
		36BCEFA2228EF75E00D5A37E /* Release */ = {
			isa = XCBuildConfiguration;
			buildSettings = {
				ALWAYS_SEARCH_USER_PATHS = NO;
				CLANG_ANALYZER_NONNULL = YES;
				CLANG_ANALYZER_NUMBER_OBJECT_CONVERSION = YES_AGGRESSIVE;
				CLANG_CXX_LANGUAGE_STANDARD = "gnu++14";
				CLANG_CXX_LIBRARY = "libc++";
				CLANG_ENABLE_MODULES = YES;
				CLANG_ENABLE_OBJC_ARC = YES;
				CLANG_ENABLE_OBJC_WEAK = YES;
				CLANG_WARN_BLOCK_CAPTURE_AUTORELEASING = YES;
				CLANG_WARN_BOOL_CONVERSION = YES;
				CLANG_WARN_COMMA = YES;
				CLANG_WARN_CONSTANT_CONVERSION = YES;
				CLANG_WARN_DEPRECATED_OBJC_IMPLEMENTATIONS = YES;
				CLANG_WARN_DIRECT_OBJC_ISA_USAGE = YES_ERROR;
				CLANG_WARN_DOCUMENTATION_COMMENTS = YES;
				CLANG_WARN_EMPTY_BODY = YES;
				CLANG_WARN_ENUM_CONVERSION = YES;
				CLANG_WARN_INFINITE_RECURSION = YES;
				CLANG_WARN_INT_CONVERSION = YES;
				CLANG_WARN_NON_LITERAL_NULL_CONVERSION = YES;
				CLANG_WARN_OBJC_IMPLICIT_RETAIN_SELF = YES;
				CLANG_WARN_OBJC_LITERAL_CONVERSION = YES;
				CLANG_WARN_OBJC_ROOT_CLASS = YES_ERROR;
				CLANG_WARN_RANGE_LOOP_ANALYSIS = YES;
				CLANG_WARN_STRICT_PROTOTYPES = YES;
				CLANG_WARN_SUSPICIOUS_MOVE = YES;
				CLANG_WARN_UNGUARDED_AVAILABILITY = YES_AGGRESSIVE;
				CLANG_WARN_UNREACHABLE_CODE = YES;
				CLANG_WARN__DUPLICATE_METHOD_MATCH = YES;
				CODE_SIGN_IDENTITY = "iPhone Developer";
				COPY_PHASE_STRIP = NO;
				DEBUG_INFORMATION_FORMAT = "dwarf-with-dsym";
				ENABLE_NS_ASSERTIONS = NO;
				ENABLE_STRICT_OBJC_MSGSEND = YES;
				GCC_C_LANGUAGE_STANDARD = gnu11;
				GCC_NO_COMMON_BLOCKS = YES;
				GCC_WARN_64_TO_32_BIT_CONVERSION = YES;
				GCC_WARN_ABOUT_RETURN_TYPE = YES_ERROR;
				GCC_WARN_UNDECLARED_SELECTOR = YES;
				GCC_WARN_UNINITIALIZED_AUTOS = YES_AGGRESSIVE;
				GCC_WARN_UNUSED_FUNCTION = YES;
				GCC_WARN_UNUSED_VARIABLE = YES;
				IPHONEOS_DEPLOYMENT_TARGET = 12.2;
				MTL_ENABLE_DEBUG_INFO = NO;
				MTL_FAST_MATH = YES;
				SDKROOT = iphoneos;
				SWIFT_COMPILATION_MODE = wholemodule;
				SWIFT_OPTIMIZATION_LEVEL = "-O";
				VALIDATE_PRODUCT = YES;
			};
			name = Release;
		};
		36BCEFA4228EF75E00D5A37E /* Debug */ = {
			isa = XCBuildConfiguration;
			buildSettings = {
				ASSETCATALOG_COMPILER_APPICON_NAME = AppIcon;
				CODE_SIGN_STYLE = Automatic;
				DEVELOPMENT_TEAM = JVJ6P2X4M7;
				INFOPLIST_FILE = TestValidationApp/SupportingFiles/Info.plist;
				LD_RUNPATH_SEARCH_PATHS = (
					"$(inherited)",
					"@executable_path/Frameworks",
				);
				PRODUCT_BUNDLE_IDENTIFIER = uy5ut.TestValidationApp;
				PRODUCT_NAME = "$(TARGET_NAME)";
				SWIFT_VERSION = 5.0;
				TARGETED_DEVICE_FAMILY = "1,2";
			};
			name = Debug;
		};
		36BCEFA5228EF75E00D5A37E /* Release */ = {
			isa = XCBuildConfiguration;
			buildSettings = {
				ASSETCATALOG_COMPILER_APPICON_NAME = AppIcon;
				CODE_SIGN_STYLE = Automatic;
				DEVELOPMENT_TEAM = JVJ6P2X4M7;
				INFOPLIST_FILE = TestValidationApp/SupportingFiles/Info.plist;
				LD_RUNPATH_SEARCH_PATHS = (
					"$(inherited)",
					"@executable_path/Frameworks",
				);
				PRODUCT_BUNDLE_IDENTIFIER = uy5ut.TestValidationApp;
				PRODUCT_NAME = "$(TARGET_NAME)";
				SWIFT_VERSION = 5.0;
				TARGETED_DEVICE_FAMILY = "1,2";
			};
			name = Release;
		};
/* End XCBuildConfiguration section */

/* Begin XCConfigurationList section */
		36BCEF8C228EF75D00D5A37E /* Build configuration list for PBXProject "TestValidationApp" */ = {
			isa = XCConfigurationList;
			buildConfigurations = (
				36BCEFA1228EF75E00D5A37E /* Debug */,
				36BCEFA2228EF75E00D5A37E /* Release */,
			);
			defaultConfigurationIsVisible = 0;
			defaultConfigurationName = Release;
		};
		36BCEFA3228EF75E00D5A37E /* Build configuration list for PBXNativeTarget "TestValidationApp" */ = {
			isa = XCConfigurationList;
			buildConfigurations = (
				36BCEFA4228EF75E00D5A37E /* Debug */,
				36BCEFA5228EF75E00D5A37E /* Release */,
			);
			defaultConfigurationIsVisible = 0;
			defaultConfigurationName = Release;
		};
/* End XCConfigurationList section */
	};
	rootObject = 36BCEF89228EF75D00D5A37E /* Project object */;
}
