// !$*UTF8*$!
{
	archiveVersion = 1;
	classes = {
	};
	objectVersion = 50;
	objects = {

/* Begin PBXBuildFile section */
		36AEC2C222AFE5D000441184 /* TextFieldsRule.swift in Sources */ = {isa = PBXBuildFile; fileRef = 36AEC2C122AFE5D000441184 /* TextFieldsRule.swift */; };
		36AEC2C622AFE61400441184 /* TextFieldRule.swift in Sources */ = {isa = PBXBuildFile; fileRef = 36AEC2C522AFE61400441184 /* TextFieldRule.swift */; };
		36AEC2C822AFE6C800441184 /* MoreThanOtherTextField.swift in Sources */ = {isa = PBXBuildFile; fileRef = 36AEC2C722AFE6C800441184 /* MoreThanOtherTextField.swift */; };
		36AEC2CA22AFE6E900441184 /* MoreThanOrEqualToOtherTextField.swift in Sources */ = {isa = PBXBuildFile; fileRef = 36AEC2C922AFE6E900441184 /* MoreThanOrEqualToOtherTextField.swift */; };
		36AEC2CC22AFE71400441184 /* LessThanOtherTextField.swift in Sources */ = {isa = PBXBuildFile; fileRef = 36AEC2CB22AFE71400441184 /* LessThanOtherTextField.swift */; };
		36AEC2CE22AFE72D00441184 /* LessThanOrEqualToOtherTextField.swift in Sources */ = {isa = PBXBuildFile; fileRef = 36AEC2CD22AFE72D00441184 /* LessThanOrEqualToOtherTextField.swift */; };
		36AEC2D322B1131000441184 /* ValidationNumberFormatter.swift in Sources */ = {isa = PBXBuildFile; fileRef = 36AEC2D222B1131000441184 /* ValidationNumberFormatter.swift */; };
		36AEC2D622B138D300441184 /* ValidationState.swift in Sources */ = {isa = PBXBuildFile; fileRef = 36AEC2D522B138D300441184 /* ValidationState.swift */; };
		36AEC2D822B13FEC00441184 /* ValidationTrigger.swift in Sources */ = {isa = PBXBuildFile; fileRef = 36AEC2D722B13FEC00441184 /* ValidationTrigger.swift */; };
		36AEC2DA22B2662100441184 /* String+Extensions.swift in Sources */ = {isa = PBXBuildFile; fileRef = 36AEC2D922B2662100441184 /* String+Extensions.swift */; };
		36BCEF95228EF75D00D5A37E /* AppDelegate.swift in Sources */ = {isa = PBXBuildFile; fileRef = 36BCEF94228EF75D00D5A37E /* AppDelegate.swift */; };
		36BCEF97228EF75D00D5A37E /* ViewController.swift in Sources */ = {isa = PBXBuildFile; fileRef = 36BCEF96228EF75D00D5A37E /* ViewController.swift */; };
		36BCEF9A228EF75D00D5A37E /* Main.storyboard in Resources */ = {isa = PBXBuildFile; fileRef = 36BCEF98228EF75D00D5A37E /* Main.storyboard */; };
		36BCEF9C228EF75E00D5A37E /* Assets.xcassets in Resources */ = {isa = PBXBuildFile; fileRef = 36BCEF9B228EF75E00D5A37E /* Assets.xcassets */; };
		36BCEF9F228EF75E00D5A37E /* LaunchScreen.storyboard in Resources */ = {isa = PBXBuildFile; fileRef = 36BCEF9D228EF75E00D5A37E /* LaunchScreen.storyboard */; };
		36F2911C22A1A45B0029F4A5 /* ValidationDelegate.swift in Sources */ = {isa = PBXBuildFile; fileRef = 36F2911B22A1A45B0029F4A5 /* ValidationDelegate.swift */; };
		36F2911E22A1A47E0029F4A5 /* Validatable.swift in Sources */ = {isa = PBXBuildFile; fileRef = 36F2911D22A1A47E0029F4A5 /* Validatable.swift */; };
		36F2912022A1A4B70029F4A5 /* MyTextField.swift in Sources */ = {isa = PBXBuildFile; fileRef = 36F2911F22A1A4B70029F4A5 /* MyTextField.swift */; };
		9F4DC6F0151EB4413BF8C587 /* Pods_TestValidationApp.framework in Frameworks */ = {isa = PBXBuildFile; fileRef = 3F8E1F30515C9590335ACCCD /* Pods_TestValidationApp.framework */; };
/* End PBXBuildFile section */

/* Begin PBXFileReference section */
		1E4303DAB58F9357DAEAC4EE /* Pods-TestValidationApp.release.xcconfig */ = {isa = PBXFileReference; includeInIndex = 1; lastKnownFileType = text.xcconfig; name = "Pods-TestValidationApp.release.xcconfig"; path = "Target Support Files/Pods-TestValidationApp/Pods-TestValidationApp.release.xcconfig"; sourceTree = "<group>"; };
		36AEC2C122AFE5D000441184 /* TextFieldsRule.swift */ = {isa = PBXFileReference; lastKnownFileType = sourcecode.swift; path = TextFieldsRule.swift; sourceTree = "<group>"; };
		36AEC2C522AFE61400441184 /* TextFieldRule.swift */ = {isa = PBXFileReference; lastKnownFileType = sourcecode.swift; path = TextFieldRule.swift; sourceTree = "<group>"; };
		36AEC2C722AFE6C800441184 /* MoreThanOtherTextField.swift */ = {isa = PBXFileReference; lastKnownFileType = sourcecode.swift; path = MoreThanOtherTextField.swift; sourceTree = "<group>"; };
		36AEC2C922AFE6E900441184 /* MoreThanOrEqualToOtherTextField.swift */ = {isa = PBXFileReference; lastKnownFileType = sourcecode.swift; path = MoreThanOrEqualToOtherTextField.swift; sourceTree = "<group>"; };
		36AEC2CB22AFE71400441184 /* LessThanOtherTextField.swift */ = {isa = PBXFileReference; lastKnownFileType = sourcecode.swift; path = LessThanOtherTextField.swift; sourceTree = "<group>"; };
		36AEC2CD22AFE72D00441184 /* LessThanOrEqualToOtherTextField.swift */ = {isa = PBXFileReference; lastKnownFileType = sourcecode.swift; path = LessThanOrEqualToOtherTextField.swift; sourceTree = "<group>"; };
		36AEC2D222B1131000441184 /* ValidationNumberFormatter.swift */ = {isa = PBXFileReference; lastKnownFileType = sourcecode.swift; path = ValidationNumberFormatter.swift; sourceTree = "<group>"; };
		36AEC2D522B138D300441184 /* ValidationState.swift */ = {isa = PBXFileReference; lastKnownFileType = sourcecode.swift; path = ValidationState.swift; sourceTree = "<group>"; };
		36AEC2D722B13FEC00441184 /* ValidationTrigger.swift */ = {isa = PBXFileReference; lastKnownFileType = sourcecode.swift; path = ValidationTrigger.swift; sourceTree = "<group>"; };
		36AEC2D922B2662100441184 /* String+Extensions.swift */ = {isa = PBXFileReference; lastKnownFileType = sourcecode.swift; path = "String+Extensions.swift"; sourceTree = "<group>"; };
		36BCEF91228EF75D00D5A37E /* TestValidationApp.app */ = {isa = PBXFileReference; explicitFileType = wrapper.application; includeInIndex = 0; path = TestValidationApp.app; sourceTree = BUILT_PRODUCTS_DIR; };
		36BCEF94228EF75D00D5A37E /* AppDelegate.swift */ = {isa = PBXFileReference; lastKnownFileType = sourcecode.swift; path = AppDelegate.swift; sourceTree = "<group>"; };
		36BCEF96228EF75D00D5A37E /* ViewController.swift */ = {isa = PBXFileReference; lastKnownFileType = sourcecode.swift; path = ViewController.swift; sourceTree = "<group>"; };
		36BCEF99228EF75D00D5A37E /* Base */ = {isa = PBXFileReference; lastKnownFileType = file.storyboard; name = Base; path = Base.lproj/Main.storyboard; sourceTree = "<group>"; };
		36BCEF9B228EF75E00D5A37E /* Assets.xcassets */ = {isa = PBXFileReference; lastKnownFileType = folder.assetcatalog; path = Assets.xcassets; sourceTree = "<group>"; };
		36BCEF9E228EF75E00D5A37E /* Base */ = {isa = PBXFileReference; lastKnownFileType = file.storyboard; name = Base; path = Base.lproj/LaunchScreen.storyboard; sourceTree = "<group>"; };
		36BCEFA0228EF75E00D5A37E /* Info.plist */ = {isa = PBXFileReference; lastKnownFileType = text.plist.xml; path = Info.plist; sourceTree = "<group>"; };
		36F2911B22A1A45B0029F4A5 /* ValidationDelegate.swift */ = {isa = PBXFileReference; lastKnownFileType = sourcecode.swift; path = ValidationDelegate.swift; sourceTree = "<group>"; };
		36F2911D22A1A47E0029F4A5 /* Validatable.swift */ = {isa = PBXFileReference; lastKnownFileType = sourcecode.swift; path = Validatable.swift; sourceTree = "<group>"; };
		36F2911F22A1A4B70029F4A5 /* MyTextField.swift */ = {isa = PBXFileReference; lastKnownFileType = sourcecode.swift; path = MyTextField.swift; sourceTree = "<group>"; };
		3F8E1F30515C9590335ACCCD /* Pods_TestValidationApp.framework */ = {isa = PBXFileReference; explicitFileType = wrapper.framework; includeInIndex = 0; path = Pods_TestValidationApp.framework; sourceTree = BUILT_PRODUCTS_DIR; };
		4E4EBDBB08A722A33DFE8CEC /* Pods-TestValidationApp.debug.xcconfig */ = {isa = PBXFileReference; includeInIndex = 1; lastKnownFileType = text.xcconfig; name = "Pods-TestValidationApp.debug.xcconfig"; path = "Target Support Files/Pods-TestValidationApp/Pods-TestValidationApp.debug.xcconfig"; sourceTree = "<group>"; };
/* End PBXFileReference section */

/* Begin PBXFrameworksBuildPhase section */
		36BCEF8E228EF75D00D5A37E /* Frameworks */ = {
			isa = PBXFrameworksBuildPhase;
			buildActionMask = 2147483647;
			files = (
				9F4DC6F0151EB4413BF8C587 /* Pods_TestValidationApp.framework in Frameworks */,
			);
			runOnlyForDeploymentPostprocessing = 0;
		};
/* End PBXFrameworksBuildPhase section */

/* Begin PBXGroup section */
		36AEC2C322AFE5F500441184 /* Protocol */ = {
			isa = PBXGroup;
			children = (
				36AEC2C122AFE5D000441184 /* TextFieldsRule.swift */,
			);
			path = Protocol;
			sourceTree = "<group>";
		};
		36AEC2CF22AFE75F00441184 /* NumberRules */ = {
			isa = PBXGroup;
			children = (
				36AEC2CD22AFE72D00441184 /* LessThanOrEqualToOtherTextField.swift */,
				36AEC2CB22AFE71400441184 /* LessThanOtherTextField.swift */,
				36AEC2C922AFE6E900441184 /* MoreThanOrEqualToOtherTextField.swift */,
				36AEC2C722AFE6C800441184 /* MoreThanOtherTextField.swift */,
			);
			path = NumberRules;
			sourceTree = "<group>";
		};
		36AEC2D022AFE76D00441184 /* BaseTextfieldRule */ = {
			isa = PBXGroup;
			children = (
				36AEC2C522AFE61400441184 /* TextFieldRule.swift */,
			);
			path = BaseTextfieldRule;
			sourceTree = "<group>";
		};
		36AEC2D122AFE78800441184 /* TextFieldRules */ = {
			isa = PBXGroup;
			children = (
				36AEC2CF22AFE75F00441184 /* NumberRules */,
				36AEC2D022AFE76D00441184 /* BaseTextfieldRule */,
				36AEC2C322AFE5F500441184 /* Protocol */,
			);
			path = TextFieldRules;
			sourceTree = "<group>";
		};
		36AEC2D422B1132300441184 /* Helpers */ = {
			isa = PBXGroup;
			children = (
				36AEC2D222B1131000441184 /* ValidationNumberFormatter.swift */,
			);
			path = Helpers;
			sourceTree = "<group>";
		};
		36AEC2DB22B2663400441184 /* Extensions */ = {
			isa = PBXGroup;
			children = (
				36AEC2D922B2662100441184 /* String+Extensions.swift */,
			);
			path = Extensions;
			sourceTree = "<group>";
		};
		36BCEF88228EF75D00D5A37E = {
			isa = PBXGroup;
			children = (
				36BCEF93228EF75D00D5A37E /* TestValidationApp */,
				36BCEF92228EF75D00D5A37E /* Products */,
				AC5BA1C102BEE1D5F6F8FBBB /* Pods */,
				38345443C9E20E0C52A274A6 /* Frameworks */,
			);
			sourceTree = "<group>";
		};
		36BCEF92228EF75D00D5A37E /* Products */ = {
			isa = PBXGroup;
			children = (
				36BCEF91228EF75D00D5A37E /* TestValidationApp.app */,
			);
			name = Products;
			sourceTree = "<group>";
		};
		36BCEF93228EF75D00D5A37E /* TestValidationApp */ = {
			isa = PBXGroup;
			children = (
				36BCEF94228EF75D00D5A37E /* AppDelegate.swift */,
				36BCEF96228EF75D00D5A37E /* ViewController.swift */,
				36F2912122A1A5FD0029F4A5 /* ValidationRelatedStuff */,
				36F2912222A1A6260029F4A5 /* SupportingFiles */,
			);
			path = TestValidationApp;
			sourceTree = "<group>";
		};
		36F2912122A1A5FD0029F4A5 /* ValidationRelatedStuff */ = {
			isa = PBXGroup;
			children = (
				36F2911F22A1A4B70029F4A5 /* MyTextField.swift */,
				36F2911D22A1A47E0029F4A5 /* Validatable.swift */,
				36F2911B22A1A45B0029F4A5 /* ValidationDelegate.swift */,
				36AEC2D522B138D300441184 /* ValidationState.swift */,
				36AEC2D722B13FEC00441184 /* ValidationTrigger.swift */,
				36AEC2DB22B2663400441184 /* Extensions */,
				36AEC2D422B1132300441184 /* Helpers */,
				36AEC2D122AFE78800441184 /* TextFieldRules */,
			);
			path = ValidationRelatedStuff;
			sourceTree = "<group>";
		};
		36F2912222A1A6260029F4A5 /* SupportingFiles */ = {
			isa = PBXGroup;
			children = (
				36BCEF98228EF75D00D5A37E /* Main.storyboard */,
				36BCEF9B228EF75E00D5A37E /* Assets.xcassets */,
				36BCEF9D228EF75E00D5A37E /* LaunchScreen.storyboard */,
				36BCEFA0228EF75E00D5A37E /* Info.plist */,
			);
			path = SupportingFiles;
			sourceTree = "<group>";
		};
		38345443C9E20E0C52A274A6 /* Frameworks */ = {
			isa = PBXGroup;
			children = (
				3F8E1F30515C9590335ACCCD /* Pods_TestValidationApp.framework */,
			);
			name = Frameworks;
			sourceTree = "<group>";
		};
		AC5BA1C102BEE1D5F6F8FBBB /* Pods */ = {
			isa = PBXGroup;
			children = (
				4E4EBDBB08A722A33DFE8CEC /* Pods-TestValidationApp.debug.xcconfig */,
				1E4303DAB58F9357DAEAC4EE /* Pods-TestValidationApp.release.xcconfig */,
			);
			path = Pods;
			sourceTree = "<group>";
		};
/* End PBXGroup section */

/* Begin PBXNativeTarget section */
		36BCEF90228EF75D00D5A37E /* TestValidationApp */ = {
			isa = PBXNativeTarget;
			buildConfigurationList = 36BCEFA3228EF75E00D5A37E /* Build configuration list for PBXNativeTarget "TestValidationApp" */;
			buildPhases = (
				8602CB0DCD257449E46DE8D6 /* [CP] Check Pods Manifest.lock */,
				36BCEF8D228EF75D00D5A37E /* Sources */,
				36BCEF8E228EF75D00D5A37E /* Frameworks */,
				36BCEF8F228EF75D00D5A37E /* Resources */,
				51FD60561C6BBB5942F36558 /* [CP] Embed Pods Frameworks */,
			);
			buildRules = (
			);
			dependencies = (
			);
			name = TestValidationApp;
			productName = TestValidationApp;
			productReference = 36BCEF91228EF75D00D5A37E /* TestValidationApp.app */;
			productType = "com.apple.product-type.application";
		};
/* End PBXNativeTarget section */

/* Begin PBXProject section */
		36BCEF89228EF75D00D5A37E /* Project object */ = {
			isa = PBXProject;
			attributes = {
				LastSwiftUpdateCheck = 1020;
				LastUpgradeCheck = 1020;
				ORGANIZATIONNAME = "Touch Instinct";
				TargetAttributes = {
					36BCEF90228EF75D00D5A37E = {
						CreatedOnToolsVersion = 10.2.1;
					};
				};
			};
			buildConfigurationList = 36BCEF8C228EF75D00D5A37E /* Build configuration list for PBXProject "TestValidationApp" */;
			compatibilityVersion = "Xcode 9.3";
			developmentRegion = en;
			hasScannedForEncodings = 0;
			knownRegions = (
				en,
				Base,
			);
			mainGroup = 36BCEF88228EF75D00D5A37E;
			productRefGroup = 36BCEF92228EF75D00D5A37E /* Products */;
			projectDirPath = "";
			projectRoot = "";
			targets = (
				36BCEF90228EF75D00D5A37E /* TestValidationApp */,
			);
		};
/* End PBXProject section */

/* Begin PBXResourcesBuildPhase section */
		36BCEF8F228EF75D00D5A37E /* Resources */ = {
			isa = PBXResourcesBuildPhase;
			buildActionMask = 2147483647;
			files = (
				36BCEF9F228EF75E00D5A37E /* LaunchScreen.storyboard in Resources */,
				36BCEF9C228EF75E00D5A37E /* Assets.xcassets in Resources */,
				36BCEF9A228EF75D00D5A37E /* Main.storyboard in Resources */,
			);
			runOnlyForDeploymentPostprocessing = 0;
		};
/* End PBXResourcesBuildPhase section */

/* Begin PBXShellScriptBuildPhase section */
		51FD60561C6BBB5942F36558 /* [CP] Embed Pods Frameworks */ = {
			isa = PBXShellScriptBuildPhase;
			buildActionMask = 2147483647;
			files = (
			);
			inputFileListPaths = (
			);
			inputPaths = (
				"${PODS_ROOT}/Target Support Files/Pods-TestValidationApp/Pods-TestValidationApp-frameworks.sh",
				"${BUILT_PRODUCTS_DIR}/SwiftValidator/SwiftValidator.framework",
			);
			name = "[CP] Embed Pods Frameworks";
			outputFileListPaths = (
			);
			outputPaths = (
				"${TARGET_BUILD_DIR}/${FRAMEWORKS_FOLDER_PATH}/SwiftValidator.framework",
			);
			runOnlyForDeploymentPostprocessing = 0;
			shellPath = /bin/sh;
			shellScript = "\"${PODS_ROOT}/Target Support Files/Pods-TestValidationApp/Pods-TestValidationApp-frameworks.sh\"\n";
			showEnvVarsInLog = 0;
		};
		8602CB0DCD257449E46DE8D6 /* [CP] Check Pods Manifest.lock */ = {
			isa = PBXShellScriptBuildPhase;
			buildActionMask = 2147483647;
			files = (
			);
			inputFileListPaths = (
			);
			inputPaths = (
				"${PODS_PODFILE_DIR_PATH}/Podfile.lock",
				"${PODS_ROOT}/Manifest.lock",
			);
			name = "[CP] Check Pods Manifest.lock";
			outputFileListPaths = (
			);
			outputPaths = (
				"$(DERIVED_FILE_DIR)/Pods-TestValidationApp-checkManifestLockResult.txt",
			);
			runOnlyForDeploymentPostprocessing = 0;
			shellPath = /bin/sh;
			shellScript = "diff \"${PODS_PODFILE_DIR_PATH}/Podfile.lock\" \"${PODS_ROOT}/Manifest.lock\" > /dev/null\nif [ $? != 0 ] ; then\n    # print error to STDERR\n    echo \"error: The sandbox is not in sync with the Podfile.lock. Run 'pod install' or update your CocoaPods installation.\" >&2\n    exit 1\nfi\n# This output is used by Xcode 'outputs' to avoid re-running this script phase.\necho \"SUCCESS\" > \"${SCRIPT_OUTPUT_FILE_0}\"\n";
			showEnvVarsInLog = 0;
		};
/* End PBXShellScriptBuildPhase section */

/* Begin PBXSourcesBuildPhase section */
		36BCEF8D228EF75D00D5A37E /* Sources */ = {
			isa = PBXSourcesBuildPhase;
			buildActionMask = 2147483647;
			files = (
				36AEC2C622AFE61400441184 /* TextFieldRule.swift in Sources */,
				36BCEF97228EF75D00D5A37E /* ViewController.swift in Sources */,
				36AEC2C822AFE6C800441184 /* MoreThanOtherTextField.swift in Sources */,
				36F2912022A1A4B70029F4A5 /* MyTextField.swift in Sources */,
				36AEC2CC22AFE71400441184 /* LessThanOtherTextField.swift in Sources */,
				36F2911E22A1A47E0029F4A5 /* Validatable.swift in Sources */,
				36AEC2D322B1131000441184 /* ValidationNumberFormatter.swift in Sources */,
				36AEC2C222AFE5D000441184 /* TextFieldsRule.swift in Sources */,
				36AEC2CE22AFE72D00441184 /* LessThanOrEqualToOtherTextField.swift in Sources */,
				36AEC2D822B13FEC00441184 /* ValidationTrigger.swift in Sources */,
				36AEC2DA22B2662100441184 /* String+Extensions.swift in Sources */,
				36AEC2CA22AFE6E900441184 /* MoreThanOrEqualToOtherTextField.swift in Sources */,
				36BCEF95228EF75D00D5A37E /* AppDelegate.swift in Sources */,
				36AEC2D622B138D300441184 /* ValidationState.swift in Sources */,
				36F2911C22A1A45B0029F4A5 /* ValidationDelegate.swift in Sources */,
			);
			runOnlyForDeploymentPostprocessing = 0;
		};
/* End PBXSourcesBuildPhase section */

/* Begin PBXVariantGroup section */
		36BCEF98228EF75D00D5A37E /* Main.storyboard */ = {
			isa = PBXVariantGroup;
			children = (
				36BCEF99228EF75D00D5A37E /* Base */,
			);
			name = Main.storyboard;
			sourceTree = "<group>";
		};
		36BCEF9D228EF75E00D5A37E /* LaunchScreen.storyboard */ = {
			isa = PBXVariantGroup;
			children = (
				36BCEF9E228EF75E00D5A37E /* Base */,
			);
			name = LaunchScreen.storyboard;
			sourceTree = "<group>";
		};
/* End PBXVariantGroup section */

/* Begin XCBuildConfiguration section */
		36BCEFA1228EF75E00D5A37E /* Debug */ = {
			isa = XCBuildConfiguration;
			buildSettings = {
				ALWAYS_SEARCH_USER_PATHS = NO;
				CLANG_ANALYZER_NONNULL = YES;
				CLANG_ANALYZER_NUMBER_OBJECT_CONVERSION = YES_AGGRESSIVE;
				CLANG_CXX_LANGUAGE_STANDARD = "gnu++14";
				CLANG_CXX_LIBRARY = "libc++";
				CLANG_ENABLE_MODULES = YES;
				CLANG_ENABLE_OBJC_ARC = YES;
				CLANG_ENABLE_OBJC_WEAK = YES;
				CLANG_WARN_BLOCK_CAPTURE_AUTORELEASING = YES;
				CLANG_WARN_BOOL_CONVERSION = YES;
				CLANG_WARN_COMMA = YES;
				CLANG_WARN_CONSTANT_CONVERSION = YES;
				CLANG_WARN_DEPRECATED_OBJC_IMPLEMENTATIONS = YES;
				CLANG_WARN_DIRECT_OBJC_ISA_USAGE = YES_ERROR;
				CLANG_WARN_DOCUMENTATION_COMMENTS = YES;
				CLANG_WARN_EMPTY_BODY = YES;
				CLANG_WARN_ENUM_CONVERSION = YES;
				CLANG_WARN_INFINITE_RECURSION = YES;
				CLANG_WARN_INT_CONVERSION = YES;
				CLANG_WARN_NON_LITERAL_NULL_CONVERSION = YES;
				CLANG_WARN_OBJC_IMPLICIT_RETAIN_SELF = YES;
				CLANG_WARN_OBJC_LITERAL_CONVERSION = YES;
				CLANG_WARN_OBJC_ROOT_CLASS = YES_ERROR;
				CLANG_WARN_RANGE_LOOP_ANALYSIS = YES;
				CLANG_WARN_STRICT_PROTOTYPES = YES;
				CLANG_WARN_SUSPICIOUS_MOVE = YES;
				CLANG_WARN_UNGUARDED_AVAILABILITY = YES_AGGRESSIVE;
				CLANG_WARN_UNREACHABLE_CODE = YES;
				CLANG_WARN__DUPLICATE_METHOD_MATCH = YES;
				CODE_SIGN_IDENTITY = "iPhone Developer";
				COPY_PHASE_STRIP = NO;
				DEBUG_INFORMATION_FORMAT = dwarf;
				ENABLE_STRICT_OBJC_MSGSEND = YES;
				ENABLE_TESTABILITY = YES;
				GCC_C_LANGUAGE_STANDARD = gnu11;
				GCC_DYNAMIC_NO_PIC = NO;
				GCC_NO_COMMON_BLOCKS = YES;
				GCC_OPTIMIZATION_LEVEL = 0;
				GCC_PREPROCESSOR_DEFINITIONS = (
					"DEBUG=1",
					"$(inherited)",
				);
				GCC_WARN_64_TO_32_BIT_CONVERSION = YES;
				GCC_WARN_ABOUT_RETURN_TYPE = YES_ERROR;
				GCC_WARN_UNDECLARED_SELECTOR = YES;
				GCC_WARN_UNINITIALIZED_AUTOS = YES_AGGRESSIVE;
				GCC_WARN_UNUSED_FUNCTION = YES;
				GCC_WARN_UNUSED_VARIABLE = YES;
				IPHONEOS_DEPLOYMENT_TARGET = 12.2;
				MTL_ENABLE_DEBUG_INFO = INCLUDE_SOURCE;
				MTL_FAST_MATH = YES;
				ONLY_ACTIVE_ARCH = YES;
				SDKROOT = iphoneos;
				SWIFT_ACTIVE_COMPILATION_CONDITIONS = DEBUG;
				SWIFT_OPTIMIZATION_LEVEL = "-Onone";
			};
			name = Debug;
		};
		36BCEFA2228EF75E00D5A37E /* Release */ = {
			isa = XCBuildConfiguration;
			buildSettings = {
				ALWAYS_SEARCH_USER_PATHS = NO;
				CLANG_ANALYZER_NONNULL = YES;
				CLANG_ANALYZER_NUMBER_OBJECT_CONVERSION = YES_AGGRESSIVE;
				CLANG_CXX_LANGUAGE_STANDARD = "gnu++14";
				CLANG_CXX_LIBRARY = "libc++";
				CLANG_ENABLE_MODULES = YES;
				CLANG_ENABLE_OBJC_ARC = YES;
				CLANG_ENABLE_OBJC_WEAK = YES;
				CLANG_WARN_BLOCK_CAPTURE_AUTORELEASING = YES;
				CLANG_WARN_BOOL_CONVERSION = YES;
				CLANG_WARN_COMMA = YES;
				CLANG_WARN_CONSTANT_CONVERSION = YES;
				CLANG_WARN_DEPRECATED_OBJC_IMPLEMENTATIONS = YES;
				CLANG_WARN_DIRECT_OBJC_ISA_USAGE = YES_ERROR;
				CLANG_WARN_DOCUMENTATION_COMMENTS = YES;
				CLANG_WARN_EMPTY_BODY = YES;
				CLANG_WARN_ENUM_CONVERSION = YES;
				CLANG_WARN_INFINITE_RECURSION = YES;
				CLANG_WARN_INT_CONVERSION = YES;
				CLANG_WARN_NON_LITERAL_NULL_CONVERSION = YES;
				CLANG_WARN_OBJC_IMPLICIT_RETAIN_SELF = YES;
				CLANG_WARN_OBJC_LITERAL_CONVERSION = YES;
				CLANG_WARN_OBJC_ROOT_CLASS = YES_ERROR;
				CLANG_WARN_RANGE_LOOP_ANALYSIS = YES;
				CLANG_WARN_STRICT_PROTOTYPES = YES;
				CLANG_WARN_SUSPICIOUS_MOVE = YES;
				CLANG_WARN_UNGUARDED_AVAILABILITY = YES_AGGRESSIVE;
				CLANG_WARN_UNREACHABLE_CODE = YES;
				CLANG_WARN__DUPLICATE_METHOD_MATCH = YES;
				CODE_SIGN_IDENTITY = "iPhone Developer";
				COPY_PHASE_STRIP = NO;
				DEBUG_INFORMATION_FORMAT = "dwarf-with-dsym";
				ENABLE_NS_ASSERTIONS = NO;
				ENABLE_STRICT_OBJC_MSGSEND = YES;
				GCC_C_LANGUAGE_STANDARD = gnu11;
				GCC_NO_COMMON_BLOCKS = YES;
				GCC_WARN_64_TO_32_BIT_CONVERSION = YES;
				GCC_WARN_ABOUT_RETURN_TYPE = YES_ERROR;
				GCC_WARN_UNDECLARED_SELECTOR = YES;
				GCC_WARN_UNINITIALIZED_AUTOS = YES_AGGRESSIVE;
				GCC_WARN_UNUSED_FUNCTION = YES;
				GCC_WARN_UNUSED_VARIABLE = YES;
				IPHONEOS_DEPLOYMENT_TARGET = 12.2;
				MTL_ENABLE_DEBUG_INFO = NO;
				MTL_FAST_MATH = YES;
				SDKROOT = iphoneos;
				SWIFT_COMPILATION_MODE = wholemodule;
				SWIFT_OPTIMIZATION_LEVEL = "-O";
				VALIDATE_PRODUCT = YES;
			};
			name = Release;
		};
		36BCEFA4228EF75E00D5A37E /* Debug */ = {
			isa = XCBuildConfiguration;
			baseConfigurationReference = 4E4EBDBB08A722A33DFE8CEC /* Pods-TestValidationApp.debug.xcconfig */;
			buildSettings = {
				ASSETCATALOG_COMPILER_APPICON_NAME = AppIcon;
				CODE_SIGN_STYLE = Automatic;
				DEVELOPMENT_TEAM = JVJ6P2X4M7;
				INFOPLIST_FILE = TestValidationApp/SupportingFiles/Info.plist;
				LD_RUNPATH_SEARCH_PATHS = (
					"$(inherited)",
					"@executable_path/Frameworks",
				);
				PRODUCT_BUNDLE_IDENTIFIER = uy5ut.TestValidationApp;
				PRODUCT_NAME = "$(TARGET_NAME)";
				SWIFT_VERSION = 5.0;
				TARGETED_DEVICE_FAMILY = "1,2";
			};
			name = Debug;
		};
		36BCEFA5228EF75E00D5A37E /* Release */ = {
			isa = XCBuildConfiguration;
			baseConfigurationReference = 1E4303DAB58F9357DAEAC4EE /* Pods-TestValidationApp.release.xcconfig */;
			buildSettings = {
				ASSETCATALOG_COMPILER_APPICON_NAME = AppIcon;
				CODE_SIGN_STYLE = Automatic;
				DEVELOPMENT_TEAM = JVJ6P2X4M7;
				INFOPLIST_FILE = TestValidationApp/SupportingFiles/Info.plist;
				LD_RUNPATH_SEARCH_PATHS = (
					"$(inherited)",
					"@executable_path/Frameworks",
				);
				PRODUCT_BUNDLE_IDENTIFIER = uy5ut.TestValidationApp;
				PRODUCT_NAME = "$(TARGET_NAME)";
				SWIFT_VERSION = 5.0;
				TARGETED_DEVICE_FAMILY = "1,2";
			};
			name = Release;
		};
/* End XCBuildConfiguration section */

/* Begin XCConfigurationList section */
		36BCEF8C228EF75D00D5A37E /* Build configuration list for PBXProject "TestValidationApp" */ = {
			isa = XCConfigurationList;
			buildConfigurations = (
				36BCEFA1228EF75E00D5A37E /* Debug */,
				36BCEFA2228EF75E00D5A37E /* Release */,
			);
			defaultConfigurationIsVisible = 0;
			defaultConfigurationName = Release;
		};
		36BCEFA3228EF75E00D5A37E /* Build configuration list for PBXNativeTarget "TestValidationApp" */ = {
			isa = XCConfigurationList;
			buildConfigurations = (
				36BCEFA4228EF75E00D5A37E /* Debug */,
				36BCEFA5228EF75E00D5A37E /* Release */,
			);
			defaultConfigurationIsVisible = 0;
			defaultConfigurationName = Release;
		};
/* End XCConfigurationList section */
	};
	rootObject = 36BCEF89228EF75D00D5A37E /* Project object */;
}
